
Microsoft Visual Studio Solution File, Format Version 12.00
# Visual Studio Version 17
VisualStudioVersion = 17.9.34616.47
MinimumVisualStudioVersion = 10.0.40219.1
Project("{FAE04EC0-301F-11D3-BF4B-00C04F79EFBC}") = "WebApp", "WebApp\WebApp.csproj", "{927BEF6C-FE3E-44AA-9149-23828B6DE444}"
EndProject
Global
	GlobalSection(SolutionConfigurationPlatforms) = preSolution
		Debug|Any CPU = Debug|Any CPU
		Release|Any CPU = Release|Any CPU
	EndGlobalSection
	GlobalSection(ProjectConfigurationPlatforms) = postSolution
		{927BEF6C-FE3E-44AA-9149-23828B6DE444}.Debug|Any CPU.ActiveCfg = Debug|Any CPU
		{927BEF6C-FE3E-44AA-9149-23828B6DE444}.Debug|Any CPU.Build.0 = Debug|Any CPU
		{927BEF6C-FE3E-44AA-9149-23828B6DE444}.Release|Any CPU.ActiveCfg = Release|Any CPU
		{927BEF6C-FE3E-44AA-9149-23828B6DE444}.Release|Any CPU.Build.0 = Release|Any CPU
	EndGlobalSection
	GlobalSection(SolutionProperties) = preSolution
		HideSolutionNode = FALSE
	EndGlobalSection
	GlobalSection(ExtensibilityGlobals) = postSolution
		SolutionGuid = {07B53EE9-53C0-42BB-9602-2A889EEB97A0}
	EndGlobalSection
EndGlobal
